
Microsoft Visual Studio Solution File, Format Version 12.00
# Visual Studio Version 17
VisualStudioVersion = 17.11.35327.3
MinimumVisualStudioVersion = 10.0.40219.1
Project("{FAE04EC0-301F-11D3-BF4B-00C04F79EFBC}") = "Domain", "Domain\Domain.csproj", "{659F931F-38CB-44BB-8C66-9B34201627A5}"
EndProject
Project("{FAE04EC0-301F-11D3-BF4B-00C04F79EFBC}") = "DataAccess", "..\DataAccess\DataAccess.csproj", "{5E5D4994-F2DE-42BD-9B45-64FE6D09F3F6}"
EndProject
Project("{FAE04EC0-301F-11D3-BF4B-00C04F79EFBC}") = "Aplication", "Aplication\Aplication.csproj", "{A88626E4-E20D-4697-91BF-C17F689C9C13}"
EndProject
Project("{FAE04EC0-301F-11D3-BF4B-00C04F79EFBC}") = "MinimalApi", "MinimalApi\MinimalApi.csproj", "{58DDCD1E-1210-4888-A3D6-2C89A203DA96}"
EndProject
Global
	GlobalSection(SolutionConfigurationPlatforms) = preSolution
		Debug|Any CPU = Debug|Any CPU
		Release|Any CPU = Release|Any CPU
	EndGlobalSection
	GlobalSection(ProjectConfigurationPlatforms) = postSolution
		{659F931F-38CB-44BB-8C66-9B34201627A5}.Debug|Any CPU.ActiveCfg = Debug|Any CPU
		{659F931F-38CB-44BB-8C66-9B34201627A5}.Debug|Any CPU.Build.0 = Debug|Any CPU
		{659F931F-38CB-44BB-8C66-9B34201627A5}.Release|Any CPU.ActiveCfg = Release|Any CPU
		{659F931F-38CB-44BB-8C66-9B34201627A5}.Release|Any CPU.Build.0 = Release|Any CPU
		{5E5D4994-F2DE-42BD-9B45-64FE6D09F3F6}.Debug|Any CPU.ActiveCfg = Debug|Any CPU
		{5E5D4994-F2DE-42BD-9B45-64FE6D09F3F6}.Debug|Any CPU.Build.0 = Debug|Any CPU
		{5E5D4994-F2DE-42BD-9B45-64FE6D09F3F6}.Release|Any CPU.ActiveCfg = Release|Any CPU
		{5E5D4994-F2DE-42BD-9B45-64FE6D09F3F6}.Release|Any CPU.Build.0 = Release|Any CPU
		{A88626E4-E20D-4697-91BF-C17F689C9C13}.Debug|Any CPU.ActiveCfg = Debug|Any CPU
		{A88626E4-E20D-4697-91BF-C17F689C9C13}.Debug|Any CPU.Build.0 = Debug|Any CPU
		{A88626E4-E20D-4697-91BF-C17F689C9C13}.Release|Any CPU.ActiveCfg = Release|Any CPU
		{A88626E4-E20D-4697-91BF-C17F689C9C13}.Release|Any CPU.Build.0 = Release|Any CPU
		{58DDCD1E-1210-4888-A3D6-2C89A203DA96}.Debug|Any CPU.ActiveCfg = Debug|Any CPU
		{58DDCD1E-1210-4888-A3D6-2C89A203DA96}.Debug|Any CPU.Build.0 = Debug|Any CPU
		{58DDCD1E-1210-4888-A3D6-2C89A203DA96}.Release|Any CPU.ActiveCfg = Release|Any CPU
		{58DDCD1E-1210-4888-A3D6-2C89A203DA96}.Release|Any CPU.Build.0 = Release|Any CPU
	EndGlobalSection
	GlobalSection(SolutionProperties) = preSolution
		HideSolutionNode = FALSE
	EndGlobalSection
	GlobalSection(ExtensibilityGlobals) = postSolution
		SolutionGuid = {7720995E-97E6-4C66-9BC5-80165E7B3447}
	EndGlobalSection
EndGlobal
